
Microsoft Visual Studio Solution File, Format Version 12.00
# Visual Studio Version 17
VisualStudioVersion = 17.5.33502.453
MinimumVisualStudioVersion = 10.0.40219.1
Project("{9A19103F-16F7-4668-BE54-9A1E7A4F7556}") = "CarRentalSystem.Tests", "CarRentalSystem.Tests\CarRentalSystem.Tests.csproj", "{2F6479FF-5698-46E6-A09C-0E9169B70020}"
EndProject
Project("{FAE04EC0-301F-11D3-BF4B-00C04F79EFBC}") = "CarRentalSystem.Business", "CarRentalSystem.Business\CarRentalSystem.Business.csproj", "{A6EBE6A8-9E27-4E26-A3C9-35291E5A42D6}"
EndProject
Project("{FAE04EC0-301F-11D3-BF4B-00C04F79EFBC}") = "CarRentalSystem.SampleConsoleApp", "CarRentalSystem.SampleConsoleApp\CarRentalSystem.SampleConsoleApp.csproj", "{DA38C22B-AB2C-4F90-8EBC-215185FD348A}"
EndProject
Global
	GlobalSection(SolutionConfigurationPlatforms) = preSolution
		Debug|Any CPU = Debug|Any CPU
		Release|Any CPU = Release|Any CPU
	EndGlobalSection
	GlobalSection(ProjectConfigurationPlatforms) = postSolution
		{2F6479FF-5698-46E6-A09C-0E9169B70020}.Debug|Any CPU.ActiveCfg = Debug|Any CPU
		{2F6479FF-5698-46E6-A09C-0E9169B70020}.Debug|Any CPU.Build.0 = Debug|Any CPU
		{2F6479FF-5698-46E6-A09C-0E9169B70020}.Release|Any CPU.ActiveCfg = Release|Any CPU
		{2F6479FF-5698-46E6-A09C-0E9169B70020}.Release|Any CPU.Build.0 = Release|Any CPU
		{A6EBE6A8-9E27-4E26-A3C9-35291E5A42D6}.Debug|Any CPU.ActiveCfg = Debug|Any CPU
		{A6EBE6A8-9E27-4E26-A3C9-35291E5A42D6}.Debug|Any CPU.Build.0 = Debug|Any CPU
		{A6EBE6A8-9E27-4E26-A3C9-35291E5A42D6}.Release|Any CPU.ActiveCfg = Release|Any CPU
		{A6EBE6A8-9E27-4E26-A3C9-35291E5A42D6}.Release|Any CPU.Build.0 = Release|Any CPU
		{DA38C22B-AB2C-4F90-8EBC-215185FD348A}.Debug|Any CPU.ActiveCfg = Debug|Any CPU
		{DA38C22B-AB2C-4F90-8EBC-215185FD348A}.Debug|Any CPU.Build.0 = Debug|Any CPU
		{DA38C22B-AB2C-4F90-8EBC-215185FD348A}.Release|Any CPU.ActiveCfg = Release|Any CPU
		{DA38C22B-AB2C-4F90-8EBC-215185FD348A}.Release|Any CPU.Build.0 = Release|Any CPU
	EndGlobalSection
	GlobalSection(SolutionProperties) = preSolution
		HideSolutionNode = FALSE
	EndGlobalSection
	GlobalSection(ExtensibilityGlobals) = postSolution
		SolutionGuid = {4B147360-A240-4DC3-BB62-AC47BEFAE727}
	EndGlobalSection
EndGlobal
